
Microsoft Visual Studio Solution File, Format Version 12.00
# Visual Studio Version 17
VisualStudioVersion = 17.2.32616.157
MinimumVisualStudioVersion = 10.0.40219.1
Project("{9A19103F-16F7-4668-BE54-9A1E7A4F7556}") = "FirstGearGames.LV.CodeAnalysis.SourceGenerators", "FirstGearGames.LV.CodeAnalysis.SourceGenerators\FirstGearGames.LV.CodeAnalysis.SourceGenerators.csproj", "{7939C5FD-7071-44FA-BF2E-3F51344F9BEF}"
EndProject
Project("{9A19103F-16F7-4668-BE54-9A1E7A4F7556}") = "AssemblyCSharp", "AssemblyCSharp\AssemblyCSharp.csproj", "{EF1660AD-671A-4E00-95DA-F9FE0252BA18}"
EndProject
Project("{2150E333-8FDC-42A3-9474-1A3956D46DE8}") = "Solution Items", "Solution Items", "{71A8E588-2F47-416D-8CA3-A4451A96A801}"
	ProjectSection(SolutionItems) = preProject
		.editorconfig = .editorconfig
	EndProjectSection
EndProject
Project("{9A19103F-16F7-4668-BE54-9A1E7A4F7556}") = "FirstGearGames.LV.CodeAnalysis.Analyzers", "FirstGearGames.LV.CodeAnalysis.Analyzers\FirstGearGames.LV.CodeAnalysis.Analyzers.csproj", "{19F1247D-584A-4604-9354-16B97751D71E}"
EndProject
Project("{D954291E-2A0B-460D-934E-DC6B0785DB48}") = "FirstGearGames.CodeAnalysis.Common", "FirstGearGames.CodeAnalysis.Common\FirstGearGames.CodeAnalysis.Common.shproj", "{9B8C3F11-7D5A-4A9F-886B-446B9D651817}"
EndProject
Global
	GlobalSection(SolutionConfigurationPlatforms) = preSolution
		Debug|Any CPU = Debug|Any CPU
		Release|Any CPU = Release|Any CPU
	EndGlobalSection
	GlobalSection(ProjectConfigurationPlatforms) = postSolution
		{7939C5FD-7071-44FA-BF2E-3F51344F9BEF}.Debug|Any CPU.ActiveCfg = Debug|Any CPU
		{7939C5FD-7071-44FA-BF2E-3F51344F9BEF}.Debug|Any CPU.Build.0 = Debug|Any CPU
		{7939C5FD-7071-44FA-BF2E-3F51344F9BEF}.Release|Any CPU.ActiveCfg = Release|Any CPU
		{7939C5FD-7071-44FA-BF2E-3F51344F9BEF}.Release|Any CPU.Build.0 = Release|Any CPU
		{EF1660AD-671A-4E00-95DA-F9FE0252BA18}.Debug|Any CPU.ActiveCfg = Debug|Any CPU
		{EF1660AD-671A-4E00-95DA-F9FE0252BA18}.Debug|Any CPU.Build.0 = Debug|Any CPU
		{EF1660AD-671A-4E00-95DA-F9FE0252BA18}.Release|Any CPU.ActiveCfg = Release|Any CPU
		{EF1660AD-671A-4E00-95DA-F9FE0252BA18}.Release|Any CPU.Build.0 = Release|Any CPU
		{19F1247D-584A-4604-9354-16B97751D71E}.Debug|Any CPU.ActiveCfg = Debug|Any CPU
		{19F1247D-584A-4604-9354-16B97751D71E}.Debug|Any CPU.Build.0 = Debug|Any CPU
		{19F1247D-584A-4604-9354-16B97751D71E}.Release|Any CPU.ActiveCfg = Release|Any CPU
		{19F1247D-584A-4604-9354-16B97751D71E}.Release|Any CPU.Build.0 = Release|Any CPU
	EndGlobalSection
	GlobalSection(SolutionProperties) = preSolution
		HideSolutionNode = FALSE
	EndGlobalSection
	GlobalSection(ExtensibilityGlobals) = postSolution
		SolutionGuid = {E851779B-2B71-4EF6-B73B-246C96FEB91D}
	EndGlobalSection
	GlobalSection(SharedMSBuildProjectFiles) = preSolution
		FirstGearGames.FishNet.CodeAnalysis.Common\FirstGearGames.FishNet.CodeAnalysis.Common.projitems*{19f1247d-584a-4604-9354-16b97751d71e}*SharedItemsImports = 5
		FirstGearGames.FishNet.CodeAnalysis.Common\FirstGearGames.FishNet.CodeAnalysis.Common.projitems*{7939c5fd-7071-44fa-bf2e-3f51344f9bef}*SharedItemsImports = 5
		FirstGearGames.CodeAnalysis.Common\FirstGearGames.CodeAnalysis.Common.projitems*{9b8c3f11-7d5a-4a9f-886b-446b9d651817}*SharedItemsImports = 13
		FirstGearGames.FishNet.CodeAnalysis.Common\FirstGearGames.FishNet.CodeAnalysis.Common.projitems*{e366ff80-36f4-419c-a5c4-8cc59bc2def8}*SharedItemsImports = 13
	EndGlobalSection
EndGlobal
